
Microsoft Visual Studio Solution File, Format Version 12.00
# Visual Studio Version 16
VisualStudioVersion = 16.0.32126.315
MinimumVisualStudioVersion = 10.0.40219.1
Project("{FAE04EC0-301F-11D3-BF4B-00C04F79EFBC}") = "Method.Subtract", "Method.Subtract\Method.Subtract.csproj", "{FED0B5FD-EC32-4441-A074-6A72D6E6D1AF}"
EndProject
Global
	GlobalSection(SolutionConfigurationPlatforms) = preSolution
		Debug|Any CPU = Debug|Any CPU
		Release|Any CPU = Release|Any CPU
	EndGlobalSection
	GlobalSection(ProjectConfigurationPlatforms) = postSolution
		{FED0B5FD-EC32-4441-A074-6A72D6E6D1AF}.Debug|Any CPU.ActiveCfg = Debug|Any CPU
		{FED0B5FD-EC32-4441-A074-6A72D6E6D1AF}.Debug|Any CPU.Build.0 = Debug|Any CPU
		{FED0B5FD-EC32-4441-A074-6A72D6E6D1AF}.Release|Any CPU.ActiveCfg = Release|Any CPU
		{FED0B5FD-EC32-4441-A074-6A72D6E6D1AF}.Release|Any CPU.Build.0 = Release|Any CPU
	EndGlobalSection
	GlobalSection(SolutionProperties) = preSolution
		HideSolutionNode = FALSE
	EndGlobalSection
	GlobalSection(ExtensibilityGlobals) = postSolution
		SolutionGuid = {967EC790-A1B9-494F-8474-8B5DC4BA79E5}
	EndGlobalSection
EndGlobal
