
Microsoft Visual Studio Solution File, Format Version 12.00
# Visual Studio Version 16
VisualStudioVersion = 16.0.32126.315
MinimumVisualStudioVersion = 10.0.40219.1
Project("{FAE04EC0-301F-11D3-BF4B-00C04F79EFBC}") = "Method.Params", "Method.Params\Method.Params.csproj", "{18DE7314-F2AE-4744-8094-5905CAAFB3FF}"
EndProject
Global
	GlobalSection(SolutionConfigurationPlatforms) = preSolution
		Debug|Any CPU = Debug|Any CPU
		Release|Any CPU = Release|Any CPU
	EndGlobalSection
	GlobalSection(ProjectConfigurationPlatforms) = postSolution
		{18DE7314-F2AE-4744-8094-5905CAAFB3FF}.Debug|Any CPU.ActiveCfg = Debug|Any CPU
		{18DE7314-F2AE-4744-8094-5905CAAFB3FF}.Debug|Any CPU.Build.0 = Debug|Any CPU
		{18DE7314-F2AE-4744-8094-5905CAAFB3FF}.Release|Any CPU.ActiveCfg = Release|Any CPU
		{18DE7314-F2AE-4744-8094-5905CAAFB3FF}.Release|Any CPU.Build.0 = Release|Any CPU
	EndGlobalSection
	GlobalSection(SolutionProperties) = preSolution
		HideSolutionNode = FALSE
	EndGlobalSection
	GlobalSection(ExtensibilityGlobals) = postSolution
		SolutionGuid = {C6A6E074-4D9B-4869-9539-04BC9ED62B5F}
	EndGlobalSection
EndGlobal
